
Microsoft Visual Studio Solution File, Format Version 12.00
# Visual Studio 15
VisualStudioVersion = 15.0.27703.2000
MinimumVisualStudioVersion = 10.0.40219.1
Project("{FAE04EC0-301F-11D3-BF4B-00C04F79EFBC}") = "ConsoleApp1", "ConsoleApp1\ConsoleApp1.csproj", "{82003A9D-D080-4FEA-9954-736E1642F69E}"
EndProject
Global
	GlobalSection(SolutionConfigurationPlatforms) = preSolution
		Debug|Any CPU = Debug|Any CPU
		Release|Any CPU = Release|Any CPU
	EndGlobalSection
	GlobalSection(ProjectConfigurationPlatforms) = postSolution
		{82003A9D-D080-4FEA-9954-736E1642F69E}.Debug|Any CPU.ActiveCfg = Debug|Any CPU
		{82003A9D-D080-4FEA-9954-736E1642F69E}.Debug|Any CPU.Build.0 = Debug|Any CPU
		{82003A9D-D080-4FEA-9954-736E1642F69E}.Release|Any CPU.ActiveCfg = Release|Any CPU
		{82003A9D-D080-4FEA-9954-736E1642F69E}.Release|Any CPU.Build.0 = Release|Any CPU
	EndGlobalSection
	GlobalSection(SolutionProperties) = preSolution
		HideSolutionNode = FALSE
	EndGlobalSection
	GlobalSection(ExtensibilityGlobals) = postSolution
		SolutionGuid = {510E235C-160C-4AC4-9398-758167F34F76}
	EndGlobalSection
EndGlobal
